// !$*UTF8*$!
{
	archiveVersion = 1;
	classes = {
	};
	objectVersion = 77;
	objects = {

/* Begin PBXBuildFile section */
		171DEF9C3075C90200832E4F /* WidgetKit.framework in Frameworks */ = {isa = PBXBuildFile; fileRef = 171DEF9B3075C90200832E4F /* WidgetKit.framework */; };
		171DEF9E3075C90200832E4F /* SwiftUI.framework in Frameworks */ = {isa = PBXBuildFile; fileRef = 171DEF9D3075C90200832E4F /* SwiftUI.framework */; };
		171DEFAF3075C90400832E4F /* SkillSwapWidgetExtension.appex in Embed Foundation Extensions */ = {isa = PBXBuildFile; fileRef = 171DEF993075C90200832E4F /* SkillSwapWidgetExtension.appex */; settings = {ATTRIBUTES = (RemoveHeadersOnCopy, ); }; };
/* End PBXBuildFile section */

/* Begin PBXContainerItemProxy section */
		171DEEAA3075AEE700832E4F /* PBXContainerItemProxy */ = {
			isa = PBXContainerItemProxy;
			containerPortal = 171DEE8F3075AEE400832E4F /* Project object */;
			proxyType = 1;
			remoteGlobalIDString = 171DEE963075AEE400832E4F;
			remoteInfo = SkillSwap;
		};
		171DEEB43075AEE700832E4F /* PBXContainerItemProxy */ = {
			isa = PBXContainerItemProxy;
			containerPortal = 171DEE8F3075AEE400832E4F /* Project object */;
			proxyType = 1;
			remoteGlobalIDString = 171DEE963075AEE400832E4F;
			remoteInfo = SkillSwap;
		};
		171DEFAD3075C90400832E4F /* PBXContainerItemProxy */ = {
			isa = PBXContainerItemProxy;
			containerPortal = 171DEE8F3075AEE400832E4F /* Project object */;
			proxyType = 1;
			remoteGlobalIDString = 171DEF983075C90200832E4F;
			remoteInfo = SkillSwapWidgetExtension;
		};
/* End PBXContainerItemProxy section */

/* Begin PBXCopyFilesBuildPhase section */
		171DEFB43075C90400832E4F /* Embed Foundation Extensions */ = {
			isa = PBXCopyFilesBuildPhase;
			buildActionMask = 2147483647;
			dstPath = "";
			dstSubfolderSpec = 13;
			files = (
				171DEFAF3075C90400832E4F /* SkillSwapWidgetExtension.appex in Embed Foundation Extensions */,
			);
			name = "Embed Foundation Extensions";
			runOnlyForDeploymentPostprocessing = 0;
		};
/* End PBXCopyFilesBuildPhase section */

/* Begin PBXFileReference section */
		171DEE973075AEE400832E4F /* SkillSwap.app */ = {isa = PBXFileReference; explicitFileType = wrapper.application; includeInIndex = 0; path = SkillSwap.app; sourceTree = BUILT_PRODUCTS_DIR; };
		171DEEA93075AEE700832E4F /* SkillSwapTests.xctest */ = {isa = PBXFileReference; explicitFileType = wrapper.cfbundle; includeInIndex = 0; path = SkillSwapTests.xctest; sourceTree = BUILT_PRODUCTS_DIR; };
		171DEEB33075AEE700832E4F /* SkillSwapUITests.xctest */ = {isa = PBXFileReference; explicitFileType = wrapper.cfbundle; includeInIndex = 0; path = SkillSwapUITests.xctest; sourceTree = BUILT_PRODUCTS_DIR; };
		171DEF993075C90200832E4F /* SkillSwapWidgetExtension.appex */ = {isa = PBXFileReference; explicitFileType = "wrapper.app-extension"; includeInIndex = 0; path = SkillSwapWidgetExtension.appex; sourceTree = BUILT_PRODUCTS_DIR; };
		171DEF9B3075C90200832E4F /* WidgetKit.framework */ = {isa = PBXFileReference; lastKnownFileType = wrapper.framework; name = WidgetKit.framework; path = System/Library/Frameworks/WidgetKit.framework; sourceTree = SDKROOT; };
		171DEF9D3075C90200832E4F /* SwiftUI.framework */ = {isa = PBXFileReference; lastKnownFileType = wrapper.framework; name = SwiftUI.framework; path = System/Library/Frameworks/SwiftUI.framework; sourceTree = SDKROOT; };
		171DEFBB3075C9ED00832E4F /* SkillSwapWidgetExtension.entitlements */ = {isa = PBXFileReference; lastKnownFileType = text.plist.entitlements; path = SkillSwapWidgetExtension.entitlements; sourceTree = "<group>"; };
/* End PBXFileReference section */

/* Begin PBXFileSystemSynchronizedBuildFileExceptionSet section */
		171DEFB03075C90400832E4F /* Exceptions for "SkillSwapWidget" folder in "SkillSwapWidgetExtension" target */ = {
			isa = PBXFileSystemSynchronizedBuildFileExceptionSet;
			membershipExceptions = (
				Info.plist,
			);
			target = 171DEF983075C90200832E4F /* SkillSwapWidgetExtension */;
		};
/* End PBXFileSystemSynchronizedBuildFileExceptionSet section */

/* Begin PBXFileSystemSynchronizedRootGroup section */
		171DEE993075AEE400832E4F /* SkillSwap */ = {
			isa = PBXFileSystemSynchronizedRootGroup;
			path = SkillSwap;
			sourceTree = "<group>";
		};
		171DEEAC3075AEE700832E4F /* SkillSwapTests */ = {
			isa = PBXFileSystemSynchronizedRootGroup;
			path = SkillSwapTests;
			sourceTree = "<group>";
		};
		171DEEB63075AEE700832E4F /* SkillSwapUITests */ = {
			isa = PBXFileSystemSynchronizedRootGroup;
			path = SkillSwapUITests;
			sourceTree = "<group>";
		};
		171DEF9F3075C90200832E4F /* SkillSwapWidget */ = {
			isa = PBXFileSystemSynchronizedRootGroup;
			exceptions = (
				171DEFB03075C90400832E4F /* Exceptions for "SkillSwapWidget" folder in "SkillSwapWidgetExtension" target */,
			);
			path = SkillSwapWidget;
			sourceTree = "<group>";
		};
/* End PBXFileSystemSynchronizedRootGroup section */

/* Begin PBXFrameworksBuildPhase section */
		171DEE943075AEE400832E4F /* Frameworks */ = {
			isa = PBXFrameworksBuildPhase;
			buildActionMask = 2147483647;
			files = (
			);
			runOnlyForDeploymentPostprocessing = 0;
		};
		171DEEA63075AEE700832E4F /* Frameworks */ = {
			isa = PBXFrameworksBuildPhase;
			buildActionMask = 2147483647;
			files = (
			);
			runOnlyForDeploymentPostprocessing = 0;
		};
		171DEEB03075AEE700832E4F /* Frameworks */ = {
			isa = PBXFrameworksBuildPhase;
			buildActionMask = 2147483647;
			files = (
			);
			runOnlyForDeploymentPostprocessing = 0;
		};
		171DEF963075C90200832E4F /* Frameworks */ = {
			isa = PBXFrameworksBuildPhase;
			buildActionMask = 2147483647;
			files = (
				171DEF9E3075C90200832E4F /* SwiftUI.framework in Frameworks */,
				171DEF9C3075C90200832E4F /* WidgetKit.framework in Frameworks */,
			);
			runOnlyForDeploymentPostprocessing = 0;
		};
/* End PBXFrameworksBuildPhase section */

/* Begin PBXGroup section */
		171DEE8E3075AEE400832E4F = {
			isa = PBXGroup;
			children = (
				171DEFBB3075C9ED00832E4F /* SkillSwapWidgetExtension.entitlements */,
				171DEE993075AEE400832E4F /* SkillSwap */,
				171DEEAC3075AEE700832E4F /* SkillSwapTests */,
				171DEEB63075AEE700832E4F /* SkillSwapUITests */,
				171DEF9F3075C90200832E4F /* SkillSwapWidget */,
				171DEF9A3075C90200832E4F /* Frameworks */,
				171DEE983075AEE400832E4F /* Products */,
			);
			sourceTree = "<group>";
		};
		171DEE983075AEE400832E4F /* Products */ = {
			isa = PBXGroup;
			children = (
				171DEE973075AEE400832E4F /* SkillSwap.app */,
				171DEEA93075AEE700832E4F /* SkillSwapTests.xctest */,
				171DEEB33075AEE700832E4F /* SkillSwapUITests.xctest */,
				171DEF993075C90200832E4F /* SkillSwapWidgetExtension.appex */,
			);
			name = Products;
			sourceTree = "<group>";
		};
		171DEF9A3075C90200832E4F /* Frameworks */ = {
			isa = PBXGroup;
			children = (
				171DEF9B3075C90200832E4F /* WidgetKit.framework */,
				171DEF9D3075C90200832E4F /* SwiftUI.framework */,
			);
			name = Frameworks;
			sourceTree = "<group>";
		};
/* End PBXGroup section */

/* Begin PBXNativeTarget section */
		171DEE963075AEE400832E4F /* SkillSwap */ = {
			isa = PBXNativeTarget;
			buildConfigurationList = 171DEEBD3075AEE700832E4F /* Build configuration list for PBXNativeTarget "SkillSwap" */;
			buildPhases = (
				171DEE933075AEE400832E4F /* Sources */,
				171DEE943075AEE400832E4F /* Frameworks */,
				171DEE953075AEE400832E4F /* Resources */,
				171DEFB43075C90400832E4F /* Embed Foundation Extensions */,
			);
			buildRules = (
			);
			dependencies = (
				171DEFAE3075C90400832E4F /* PBXTargetDependency */,
			);
			fileSystemSynchronizedGroups = (
				171DEE993075AEE400832E4F /* SkillSwap */,
			);
			name = SkillSwap;
			packageProductDependencies = (
			);
			productName = SkillSwap;
			productReference = 171DEE973075AEE400832E4F /* SkillSwap.app */;
			productType = "com.apple.product-type.application";
		};
		171DEEA83075AEE700832E4F /* SkillSwapTests */ = {
			isa = PBXNativeTarget;
			buildConfigurationList = 171DEEC03075AEE700832E4F /* Build configuration list for PBXNativeTarget "SkillSwapTests" */;
			buildPhases = (
				171DEEA53075AEE700832E4F /* Sources */,
				171DEEA63075AEE700832E4F /* Frameworks */,
				171DEEA73075AEE700832E4F /* Resources */,
			);
			buildRules = (
			);
			dependencies = (
				171DEEAB3075AEE700832E4F /* PBXTargetDependency */,
			);
			fileSystemSynchronizedGroups = (
				171DEEAC3075AEE700832E4F /* SkillSwapTests */,
			);
			name = SkillSwapTests;
			packageProductDependencies = (
			);
			productName = SkillSwapTests;
			productReference = 171DEEA93075AEE700832E4F /* SkillSwapTests.xctest */;
			productType = "com.apple.product-type.bundle.unit-test";
		};
		171DEEB23075AEE700832E4F /* SkillSwapUITests */ = {
			isa = PBXNativeTarget;
			buildConfigurationList = 171DEEC33075AEE700832E4F /* Build configuration list for PBXNativeTarget "SkillSwapUITests" */;
			buildPhases = (
				171DEEAF3075AEE700832E4F /* Sources */,
				171DEEB03075AEE700832E4F /* Frameworks */,
				171DEEB13075AEE700832E4F /* Resources */,
			);
			buildRules = (
			);
			dependencies = (
				171DEEB53075AEE700832E4F /* PBXTargetDependency */,
			);
			fileSystemSynchronizedGroups = (
				171DEEB63075AEE700832E4F /* SkillSwapUITests */,
			);
			name = SkillSwapUITests;
			packageProductDependencies = (
			);
			productName = SkillSwapUITests;
			productReference = 171DEEB33075AEE700832E4F /* SkillSwapUITests.xctest */;
			productType = "com.apple.product-type.bundle.ui-testing";
		};
		171DEF983075C90200832E4F /* SkillSwapWidgetExtension */ = {
			isa = PBXNativeTarget;
			buildConfigurationList = 171DEFB13075C90400832E4F /* Build configuration list for PBXNativeTarget "SkillSwapWidgetExtension" */;
			buildPhases = (
				171DEF953075C90200832E4F /* Sources */,
				171DEF963075C90200832E4F /* Frameworks */,
				171DEF973075C90200832E4F /* Resources */,
			);
			buildRules = (
			);
			dependencies = (
			);
			fileSystemSynchronizedGroups = (
				171DEF9F3075C90200832E4F /* SkillSwapWidget */,
			);
			name = SkillSwapWidgetExtension;
			packageProductDependencies = (
			);
			productName = SkillSwapWidgetExtension;
			productReference = 171DEF993075C90200832E4F /* SkillSwapWidgetExtension.appex */;
			productType = "com.apple.product-type.app-extension";
		};
/* End PBXNativeTarget section */

/* Begin PBXProject section */
		171DEE8F3075AEE400832E4F /* Project object */ = {
			isa = PBXProject;
			attributes = {
				BuildIndependentTargetsInParallel = 1;
				LastSwiftUpdateCheck = 2620;
				LastUpgradeCheck = 2620;
				TargetAttributes = {
					171DEE963075AEE400832E4F = {
						CreatedOnToolsVersion = 26.2;
					};
					171DEEA83075AEE700832E4F = {
						CreatedOnToolsVersion = 26.2;
						TestTargetID = 171DEE963075AEE400832E4F;
					};
					171DEEB23075AEE700832E4F = {
						CreatedOnToolsVersion = 26.2;
						TestTargetID = 171DEE963075AEE400832E4F;
					};
					171DEF983075C90200832E4F = {
						CreatedOnToolsVersion = 26.2;
					};
				};
			};
			buildConfigurationList = 171DEE923075AEE400832E4F /* Build configuration list for PBXProject "SkillSwap" */;
			developmentRegion = en;
			hasScannedForEncodings = 0;
			knownRegions = (
				en,
				Base,
			);
			mainGroup = 171DEE8E3075AEE400832E4F;
			minimizedProjectReferenceProxies = 1;
			preferredProjectObjectVersion = 77;
			productRefGroup = 171DEE983075AEE400832E4F /* Products */;
			projectDirPath = "";
			projectRoot = "";
			targets = (
				171DEE963075AEE400832E4F /* SkillSwap */,
				171DEEA83075AEE700832E4F /* SkillSwapTests */,
				171DEEB23075AEE700832E4F /* SkillSwapUITests */,
				171DEF983075C90200832E4F /* SkillSwapWidgetExtension */,
			);
		};
/* End PBXProject section */

/* Begin PBXResourcesBuildPhase section */
		171DEE953075AEE400832E4F /* Resources */ = {
			isa = PBXResourcesBuildPhase;
			buildActionMask = 2147483647;
			files = (
			);
			runOnlyForDeploymentPostprocessing = 0;
		};
		171DEEA73075AEE700832E4F /* Resources */ = {
			isa = PBXResourcesBuildPhase;
			buildActionMask = 2147483647;
			files = (
			);
			runOnlyForDeploymentPostprocessing = 0;
		};
		171DEEB13075AEE700832E4F /* Resources */ = {
			isa = PBXResourcesBuildPhase;
			buildActionMask = 2147483647;
			files = (
			);
			runOnlyForDeploymentPostprocessing = 0;
		};
		171DEF973075C90200832E4F /* Resources */ = {
			isa = PBXResourcesBuildPhase;
			buildActionMask = 2147483647;
			files = (
			);
			runOnlyForDeploymentPostprocessing = 0;
		};
/* End PBXResourcesBuildPhase section */

/* Begin PBXSourcesBuildPhase section */
		171DEE933075AEE400832E4F /* Sources */ = {
			isa = PBXSourcesBuildPhase;
			buildActionMask = 2147483647;
			files = (
			);
			runOnlyForDeploymentPostprocessing = 0;
		};
		171DEEA53075AEE700832E4F /* Sources */ = {
			isa = PBXSourcesBuildPhase;
			buildActionMask = 2147483647;
			files = (
			);
			runOnlyForDeploymentPostprocessing = 0;
		};
		171DEEAF3075AEE700832E4F /* Sources */ = {
			isa = PBXSourcesBuildPhase;
			buildActionMask = 2147483647;
			files = (
			);
			runOnlyForDeploymentPostprocessing = 0;
		};
		171DEF953075C90200832E4F /* Sources */ = {
			isa = PBXSourcesBuildPhase;
			buildActionMask = 2147483647;
			files = (
			);
			runOnlyForDeploymentPostprocessing = 0;
		};
/* End PBXSourcesBuildPhase section */

/* Begin PBXTargetDependency section */
		171DEEAB3075AEE700832E4F /* PBXTargetDependency */ = {
			isa = PBXTargetDependency;
			target = 171DEE963075AEE400832E4F /* SkillSwap */;
			targetProxy = 171DEEAA3075AEE700832E4F /* PBXContainerItemProxy */;
		};
		171DEEB53075AEE700832E4F /* PBXTargetDependency */ = {
			isa = PBXTargetDependency;
			target = 171DEE963075AEE400832E4F /* SkillSwap */;
			targetProxy = 171DEEB43075AEE700832E4F /* PBXContainerItemProxy */;
		};
		171DEFAE3075C90400832E4F /* PBXTargetDependency */ = {
			isa = PBXTargetDependency;
			target = 171DEF983075C90200832E4F /* SkillSwapWidgetExtension */;
			targetProxy = 171DEFAD3075C90400832E4F /* PBXContainerItemProxy */;
		};
/* End PBXTargetDependency section */

/* Begin XCBuildConfiguration section */
		171DEEBB3075AEE700832E4F /* Debug */ = {
			isa = XCBuildConfiguration;
			buildSettings = {
				ALWAYS_SEARCH_USER_PATHS = NO;
				ASSETCATALOG_COMPILER_GENERATE_SWIFT_ASSET_SYMBOL_EXTENSIONS = YES;
				CLANG_ANALYZER_NONNULL = YES;
				CLANG_ANALYZER_NUMBER_OBJECT_CONVERSION = YES_AGGRESSIVE;
				CLANG_CXX_LANGUAGE_STANDARD = "gnu++20";
				CLANG_ENABLE_MODULES = YES;
				CLANG_ENABLE_OBJC_ARC = YES;
				CLANG_ENABLE_OBJC_WEAK = YES;
				CLANG_WARN_BLOCK_CAPTURE_AUTORELEASING = YES;
				CLANG_WARN_BOOL_CONVERSION = YES;
				CLANG_WARN_COMMA = YES;
				CLANG_WARN_CONSTANT_CONVERSION = YES;
				CLANG_WARN_DEPRECATED_OBJC_IMPLEMENTATIONS = YES;
				CLANG_WARN_DIRECT_OBJC_ISA_USAGE = YES_ERROR;
				CLANG_WARN_DOCUMENTATION_COMMENTS = YES;
				CLANG_WARN_EMPTY_BODY = YES;
				CLANG_WARN_ENUM_CONVERSION = YES;
				CLANG_WARN_INFINITE_RECURSION = YES;
				CLANG_WARN_INT_CONVERSION = YES;
				CLANG_WARN_NON_LITERAL_NULL_CONVERSION = YES;
				CLANG_WARN_OBJC_IMPLICIT_RETAIN_SELF = YES;
				CLANG_WARN_OBJC_LITERAL_CONVERSION = YES;
				CLANG_WARN_OBJC_ROOT_CLASS = YES_ERROR;
				CLANG_WARN_QUOTED_INCLUDE_IN_FRAMEWORK_HEADER = YES;
				CLANG_WARN_RANGE_LOOP_ANALYSIS = YES;
				CLANG_WARN_STRICT_PROTOTYPES = YES;
				CLANG_WARN_SUSPICIOUS_MOVE = YES;
				CLANG_WARN_UNGUARDED_AVAILABILITY = YES_AGGRESSIVE;
				CLANG_WARN_UNREACHABLE_CODE = YES;
				CLANG_WARN__DUPLICATE_METHOD_MATCH = YES;
				COPY_PHASE_STRIP = NO;
				DEBUG_INFORMATION_FORMAT = dwarf;
				DEVELOPMENT_TEAM = 6536KAXGKR;
				ENABLE_STRICT_OBJC_MSGSEND = YES;
				ENABLE_TESTABILITY = YES;
				ENABLE_USER_SCRIPT_SANDBOXING = YES;
				GCC_C_LANGUAGE_STANDARD = gnu17;
				GCC_DYNAMIC_NO_PIC = NO;
				GCC_NO_COMMON_BLOCKS = YES;
				GCC_OPTIMIZATION_LEVEL = 0;
				GCC_PREPROCESSOR_DEFINITIONS = (
					"DEBUG=1",
					"$(inherited)",
				);
				GCC_WARN_64_TO_32_BIT_CONVERSION = YES;
				GCC_WARN_ABOUT_RETURN_TYPE = YES_ERROR;
				GCC_WARN_UNDECLARED_SELECTOR = YES;
				GCC_WARN_UNINITIALIZED_AUTOS = YES_AGGRESSIVE;
				GCC_WARN_UNUSED_FUNCTION = YES;
				GCC_WARN_UNUSED_VARIABLE = YES;
				IPHONEOS_DEPLOYMENT_TARGET = 26.2;
				LOCALIZATION_PREFERS_STRING_CATALOGS = YES;
				MTL_ENABLE_DEBUG_INFO = INCLUDE_SOURCE;
				MTL_FAST_MATH = YES;
				ONLY_ACTIVE_ARCH = YES;
				SDKROOT = iphoneos;
				SWIFT_ACTIVE_COMPILATION_CONDITIONS = "DEBUG $(inherited)";
				SWIFT_OPTIMIZATION_LEVEL = "-Onone";
			};
			name = Debug;
		};
		171DEEBC3075AEE700832E4F /* Release */ = {
			isa = XCBuildConfiguration;
			buildSettings = {
				ALWAYS_SEARCH_USER_PATHS = NO;
				ASSETCATALOG_COMPILER_GENERATE_SWIFT_ASSET_SYMBOL_EXTENSIONS = YES;
				CLANG_ANALYZER_NONNULL = YES;
				CLANG_ANALYZER_NUMBER_OBJECT_CONVERSION = YES_AGGRESSIVE;
				CLANG_CXX_LANGUAGE_STANDARD = "gnu++20";
				CLANG_ENABLE_MODULES = YES;
				CLANG_ENABLE_OBJC_ARC = YES;
				CLANG_ENABLE_OBJC_WEAK = YES;
				CLANG_WARN_BLOCK_CAPTURE_AUTORELEASING = YES;
				CLANG_WARN_BOOL_CONVERSION = YES;
				CLANG_WARN_COMMA = YES;
				CLANG_WARN_CONSTANT_CONVERSION = YES;
				CLANG_WARN_DEPRECATED_OBJC_IMPLEMENTATIONS = YES;
				CLANG_WARN_DIRECT_OBJC_ISA_USAGE = YES_ERROR;
				CLANG_WARN_DOCUMENTATION_COMMENTS = YES;
				CLANG_WARN_EMPTY_BODY = YES;
				CLANG_WARN_ENUM_CONVERSION = YES;
				CLANG_WARN_INFINITE_RECURSION = YES;
				CLANG_WARN_INT_CONVERSION = YES;
				CLANG_WARN_NON_LITERAL_NULL_CONVERSION = YES;
				CLANG_WARN_OBJC_IMPLICIT_RETAIN_SELF = YES;
				CLANG_WARN_OBJC_LITERAL_CONVERSION = YES;
				CLANG_WARN_OBJC_ROOT_CLASS = YES_ERROR;
				CLANG_WARN_QUOTED_INCLUDE_IN_FRAMEWORK_HEADER = YES;
				CLANG_WARN_RANGE_LOOP_ANALYSIS = YES;
				CLANG_WARN_STRICT_PROTOTYPES = YES;
				CLANG_WARN_SUSPICIOUS_MOVE = YES;
				CLANG_WARN_UNGUARDED_AVAILABILITY = YES_AGGRESSIVE;
				CLANG_WARN_UNREACHABLE_CODE = YES;
				CLANG_WARN__DUPLICATE_METHOD_MATCH = YES;
				COPY_PHASE_STRIP = NO;
				DEBUG_INFORMATION_FORMAT = "dwarf-with-dsym";
				DEVELOPMENT_TEAM = 6536KAXGKR;
				ENABLE_NS_ASSERTIONS = NO;
				ENABLE_STRICT_OBJC_MSGSEND = YES;
				ENABLE_USER_SCRIPT_SANDBOXING = YES;
				GCC_C_LANGUAGE_STANDARD = gnu17;
				GCC_NO_COMMON_BLOCKS = YES;
				GCC_WARN_64_TO_32_BIT_CONVERSION = YES;
				GCC_WARN_ABOUT_RETURN_TYPE = YES_ERROR;
				GCC_WARN_UNDECLARED_SELECTOR = YES;
				GCC_WARN_UNINITIALIZED_AUTOS = YES_AGGRESSIVE;
				GCC_WARN_UNUSED_FUNCTION = YES;
				GCC_WARN_UNUSED_VARIABLE = YES;
				IPHONEOS_DEPLOYMENT_TARGET = 26.2;
				LOCALIZATION_PREFERS_STRING_CATALOGS = YES;
				MTL_ENABLE_DEBUG_INFO = NO;
				MTL_FAST_MATH = YES;
				SDKROOT = iphoneos;
				SWIFT_COMPILATION_MODE = wholemodule;
				VALIDATE_PRODUCT = YES;
			};
			name = Release;
		};
		171DEEBE3075AEE700832E4F /* Debug */ = {
			isa = XCBuildConfiguration;
			buildSettings = {
				ASSETCATALOG_COMPILER_APPICON_NAME = AppIcon;
				ASSETCATALOG_COMPILER_GLOBAL_ACCENT_COLOR_NAME = AccentColor;
				CODE_SIGN_ENTITLEMENTS = SkillSwap/SkillSwap.entitlements;
				CODE_SIGN_STYLE = Automatic;
				CURRENT_PROJECT_VERSION = 1;
				DEVELOPMENT_TEAM = 6536KAXGKR;
				ENABLE_PREVIEWS = YES;
				GENERATE_INFOPLIST_FILE = YES;
				INFOPLIST_KEY_UIApplicationSceneManifest_Generation = YES;
				INFOPLIST_KEY_UIApplicationSupportsIndirectInputEvents = YES;
				INFOPLIST_KEY_UILaunchScreen_Generation = YES;
				INFOPLIST_KEY_UISupportedInterfaceOrientations_iPad = "UIInterfaceOrientationPortrait UIInterfaceOrientationPortraitUpsideDown UIInterfaceOrientationLandscapeLeft UIInterfaceOrientationLandscapeRight";
				INFOPLIST_KEY_UISupportedInterfaceOrientations_iPhone = "UIInterfaceOrientationPortrait UIInterfaceOrientationLandscapeLeft UIInterfaceOrientationLandscapeRight";
				LD_RUNPATH_SEARCH_PATHS = (
					"$(inherited)",
					"@executable_path/Frameworks",
				);
				MARKETING_VERSION = 1.0;
				PRODUCT_BUNDLE_IDENTIFIER = com.zadeelsaddik.SkillSwap;
				PRODUCT_NAME = "$(TARGET_NAME)";
				STRING_CATALOG_GENERATE_SYMBOLS = YES;
				SWIFT_APPROACHABLE_CONCURRENCY = YES;
				SWIFT_DEFAULT_ACTOR_ISOLATION = MainActor;
				SWIFT_EMIT_LOC_STRINGS = YES;
				SWIFT_UPCOMING_FEATURE_MEMBER_IMPORT_VISIBILITY = YES;
				SWIFT_VERSION = 5.0;
				TARGETED_DEVICE_FAMILY = "1,2";
			};
			name = Debug;
		};
		171DEEBF3075AEE700832E4F /* Release */ = {
			isa = XCBuildConfiguration;
			buildSettings = {
				ASSETCATALOG_COMPILER_APPICON_NAME = AppIcon;
				ASSETCATALOG_COMPILER_GLOBAL_ACCENT_COLOR_NAME = AccentColor;
				CODE_SIGN_ENTITLEMENTS = SkillSwap/SkillSwap.entitlements;
				CODE_SIGN_STYLE = Automatic;
				CURRENT_PROJECT_VERSION = 1;
				DEVELOPMENT_TEAM = 6536KAXGKR;
				ENABLE_PREVIEWS = YES;
				GENERATE_INFOPLIST_FILE = YES;
				INFOPLIST_KEY_UIApplicationSceneManifest_Generation = YES;
				INFOPLIST_KEY_UIApplicationSupportsIndirectInputEvents = YES;
				INFOPLIST_KEY_UILaunchScreen_Generation = YES;
				INFOPLIST_KEY_UISupportedInterfaceOrientations_iPad = "UIInterfaceOrientationPortrait UIInterfaceOrientationPortraitUpsideDown UIInterfaceOrientationLandscapeLeft UIInterfaceOrientationLandscapeRight";
				INFOPLIST_KEY_UISupportedInterfaceOrientations_iPhone = "UIInterfaceOrientationPortrait UIInterfaceOrientationLandscapeLeft UIInterfaceOrientationLandscapeRight";
				LD_RUNPATH_SEARCH_PATHS = (
					"$(inherited)",
					"@executable_path/Frameworks",
				);
				MARKETING_VERSION = 1.0;
				PRODUCT_BUNDLE_IDENTIFIER = com.zadeelsaddik.SkillSwap;
				PRODUCT_NAME = "$(TARGET_NAME)";
				STRING_CATALOG_GENERATE_SYMBOLS = YES;
				SWIFT_APPROACHABLE_CONCURRENCY = YES;
				SWIFT_DEFAULT_ACTOR_ISOLATION = MainActor;
				SWIFT_EMIT_LOC_STRINGS = YES;
				SWIFT_UPCOMING_FEATURE_MEMBER_IMPORT_VISIBILITY = YES;
				SWIFT_VERSION = 5.0;
				TARGETED_DEVICE_FAMILY = "1,2";
			};
			name = Release;
		};
		171DEEC13075AEE700832E4F /* Debug */ = {
			isa = XCBuildConfiguration;
			buildSettings = {
				BUNDLE_LOADER = "$(TEST_HOST)";
				CODE_SIGN_STYLE = Automatic;
				CURRENT_PROJECT_VERSION = 1;
				DEVELOPMENT_TEAM = 6536KAXGKR;
				GENERATE_INFOPLIST_FILE = YES;
				IPHONEOS_DEPLOYMENT_TARGET = 26.2;
				MARKETING_VERSION = 1.0;
				PRODUCT_BUNDLE_IDENTIFIER = com.zadeelsaddik.SkillSwapTests;
				PRODUCT_NAME = "$(TARGET_NAME)";
				STRING_CATALOG_GENERATE_SYMBOLS = NO;
				SWIFT_APPROACHABLE_CONCURRENCY = YES;
				SWIFT_EMIT_LOC_STRINGS = NO;
				SWIFT_UPCOMING_FEATURE_MEMBER_IMPORT_VISIBILITY = YES;
				SWIFT_VERSION = 5.0;
				TARGETED_DEVICE_FAMILY = "1,2";
				TEST_HOST = "$(BUILT_PRODUCTS_DIR)/SkillSwap.app/$(BUNDLE_EXECUTABLE_FOLDER_PATH)/SkillSwap";
			};
			name = Debug;
		};
		171DEEC23075AEE700832E4F /* Release */ = {
			isa = XCBuildConfiguration;
			buildSettings = {
				BUNDLE_LOADER = "$(TEST_HOST)";
				CODE_SIGN_STYLE = Automatic;
				CURRENT_PROJECT_VERSION = 1;
				DEVELOPMENT_TEAM = 6536KAXGKR;
				GENERATE_INFOPLIST_FILE = YES;
				IPHONEOS_DEPLOYMENT_TARGET = 26.2;
				MARKETING_VERSION = 1.0;
				PRODUCT_BUNDLE_IDENTIFIER = com.zadeelsaddik.SkillSwapTests;
				PRODUCT_NAME = "$(TARGET_NAME)";
				STRING_CATALOG_GENERATE_SYMBOLS = NO;
				SWIFT_APPROACHABLE_CONCURRENCY = YES;
				SWIFT_EMIT_LOC_STRINGS = NO;
				SWIFT_UPCOMING_FEATURE_MEMBER_IMPORT_VISIBILITY = YES;
				SWIFT_VERSION = 5.0;
				TARGETED_DEVICE_FAMILY = "1,2";
				TEST_HOST = "$(BUILT_PRODUCTS_DIR)/SkillSwap.app/$(BUNDLE_EXECUTABLE_FOLDER_PATH)/SkillSwap";
			};
			name = Release;
		};
		171DEEC43075AEE700832E4F /* Debug */ = {
			isa = XCBuildConfiguration;
			buildSettings = {
				CODE_SIGN_STYLE = Automatic;
				CURRENT_PROJECT_VERSION = 1;
				DEVELOPMENT_TEAM = 6536KAXGKR;
				GENERATE_INFOPLIST_FILE = YES;
				MARKETING_VERSION = 1.0;
				PRODUCT_BUNDLE_IDENTIFIER = com.zadeelsaddik.SkillSwapUITests;
				PRODUCT_NAME = "$(TARGET_NAME)";
				STRING_CATALOG_GENERATE_SYMBOLS = NO;
				SWIFT_APPROACHABLE_CONCURRENCY = YES;
				SWIFT_EMIT_LOC_STRINGS = NO;
				SWIFT_UPCOMING_FEATURE_MEMBER_IMPORT_VISIBILITY = YES;
				SWIFT_VERSION = 5.0;
				TARGETED_DEVICE_FAMILY = "1,2";
				TEST_TARGET_NAME = SkillSwap;
			};
			name = Debug;
		};
		171DEEC53075AEE700832E4F /* Release */ = {
			isa = XCBuildConfiguration;
			buildSettings = {
				CODE_SIGN_STYLE = Automatic;
				CURRENT_PROJECT_VERSION = 1;
				DEVELOPMENT_TEAM = 6536KAXGKR;
				GENERATE_INFOPLIST_FILE = YES;
				MARKETING_VERSION = 1.0;
				PRODUCT_BUNDLE_IDENTIFIER = com.zadeelsaddik.SkillSwapUITests;
				PRODUCT_NAME = "$(TARGET_NAME)";
				STRING_CATALOG_GENERATE_SYMBOLS = NO;
				SWIFT_APPROACHABLE_CONCURRENCY = YES;
				SWIFT_EMIT_LOC_STRINGS = NO;
				SWIFT_UPCOMING_FEATURE_MEMBER_IMPORT_VISIBILITY = YES;
				SWIFT_VERSION = 5.0;
				TARGETED_DEVICE_FAMILY = "1,2";
				TEST_TARGET_NAME = SkillSwap;
			};
			name = Release;
		};
		171DEFB23075C90400832E4F /* Debug */ = {
			isa = XCBuildConfiguration;
			buildSettings = {
				ASSETCATALOG_COMPILER_GLOBAL_ACCENT_COLOR_NAME = AccentColor;
				ASSETCATALOG_COMPILER_WIDGET_BACKGROUND_COLOR_NAME = WidgetBackground;
				CODE_SIGN_ENTITLEMENTS = SkillSwapWidgetExtension.entitlements;
				CODE_SIGN_STYLE = Automatic;
				CURRENT_PROJECT_VERSION = 1;
				DEVELOPMENT_TEAM = 6536KAXGKR;
				GENERATE_INFOPLIST_FILE = YES;
				INFOPLIST_FILE = SkillSwapWidget/Info.plist;
				INFOPLIST_KEY_CFBundleDisplayName = SkillSwapWidget;
				INFOPLIST_KEY_NSHumanReadableCopyright = "";
				LD_RUNPATH_SEARCH_PATHS = (
					"$(inherited)",
					"@executable_path/Frameworks",
					"@executable_path/../../Frameworks",
				);
				MARKETING_VERSION = 1.0;
				PRODUCT_BUNDLE_IDENTIFIER = com.zadeelsaddik.SkillSwap.SkillSwapWidget;
				PRODUCT_NAME = "$(TARGET_NAME)";
				SKIP_INSTALL = YES;
				STRING_CATALOG_GENERATE_SYMBOLS = YES;
				SWIFT_APPROACHABLE_CONCURRENCY = YES;
				SWIFT_EMIT_LOC_STRINGS = YES;
				SWIFT_UPCOMING_FEATURE_MEMBER_IMPORT_VISIBILITY = YES;
				SWIFT_VERSION = 5.0;
				TARGETED_DEVICE_FAMILY = "1,2";
			};
			name = Debug;
		};
		171DEFB33075C90400832E4F /* Release */ = {
			isa = XCBuildConfiguration;
			buildSettings = {
				ASSETCATALOG_COMPILER_GLOBAL_ACCENT_COLOR_NAME = AccentColor;
				ASSETCATALOG_COMPILER_WIDGET_BACKGROUND_COLOR_NAME = WidgetBackground;
				CODE_SIGN_ENTITLEMENTS = SkillSwapWidgetExtension.entitlements;
				CODE_SIGN_STYLE = Automatic;
				CURRENT_PROJECT_VERSION = 1;
				DEVELOPMENT_TEAM = 6536KAXGKR;
				GENERATE_INFOPLIST_FILE = YES;
				INFOPLIST_FILE = SkillSwapWidget/Info.plist;
				INFOPLIST_KEY_CFBundleDisplayName = SkillSwapWidget;
				INFOPLIST_KEY_NSHumanReadableCopyright = "";
				LD_RUNPATH_SEARCH_PATHS = (
					"$(inherited)",
					"@executable_path/Frameworks",
					"@executable_path/../../Frameworks",
				);
				MARKETING_VERSION = 1.0;
				PRODUCT_BUNDLE_IDENTIFIER = com.zadeelsaddik.SkillSwap.SkillSwapWidget;
				PRODUCT_NAME = "$(TARGET_NAME)";
				SKIP_INSTALL = YES;
				STRING_CATALOG_GENERATE_SYMBOLS = YES;
				SWIFT_APPROACHABLE_CONCURRENCY = YES;
				SWIFT_EMIT_LOC_STRINGS = YES;
				SWIFT_UPCOMING_FEATURE_MEMBER_IMPORT_VISIBILITY = YES;
				SWIFT_VERSION = 5.0;
				TARGETED_DEVICE_FAMILY = "1,2";
			};
			name = Release;
		};
/* End XCBuildConfiguration section */

/* Begin XCConfigurationList section */
		171DEE923075AEE400832E4F /* Build configuration list for PBXProject "SkillSwap" */ = {
			isa = XCConfigurationList;
			buildConfigurations = (
				171DEEBB3075AEE700832E4F /* Debug */,
				171DEEBC3075AEE700832E4F /* Release */,
			);
			defaultConfigurationIsVisible = 0;
			defaultConfigurationName = Release;
		};
		171DEEBD3075AEE700832E4F /* Build configuration list for PBXNativeTarget "SkillSwap" */ = {
			isa = XCConfigurationList;
			buildConfigurations = (
				171DEEBE3075AEE700832E4F /* Debug */,
				171DEEBF3075AEE700832E4F /* Release */,
			);
			defaultConfigurationIsVisible = 0;
			defaultConfigurationName = Release;
		};
		171DEEC03075AEE700832E4F /* Build configuration list for PBXNativeTarget "SkillSwapTests" */ = {
			isa = XCConfigurationList;
			buildConfigurations = (
				171DEEC13075AEE700832E4F /* Debug */,
				171DEEC23075AEE700832E4F /* Release */,
			);
			defaultConfigurationIsVisible = 0;
			defaultConfigurationName = Release;
		};
		171DEEC33075AEE700832E4F /* Build configuration list for PBXNativeTarget "SkillSwapUITests" */ = {
			isa = XCConfigurationList;
			buildConfigurations = (
				171DEEC43075AEE700832E4F /* Debug */,
				171DEEC53075AEE700832E4F /* Release */,
			);
			defaultConfigurationIsVisible = 0;
			defaultConfigurationName = Release;
		};
		171DEFB13075C90400832E4F /* Build configuration list for PBXNativeTarget "SkillSwapWidgetExtension" */ = {
			isa = XCConfigurationList;
			buildConfigurations = (
				171DEFB23075C90400832E4F /* Debug */,
				171DEFB33075C90400832E4F /* Release */,
			);
			defaultConfigurationIsVisible = 0;
			defaultConfigurationName = Release;
		};
/* End XCConfigurationList section */
	};
	rootObject = 171DEE8F3075AEE400832E4F /* Project object */;
}
